
Microsoft Visual Studio Solution File, Format Version 12.00
# Visual Studio Version 17
VisualStudioVersion = 17.0.31903.59
MinimumVisualStudioVersion = 10.0.40219.1
Project("{2150E333-8FDC-42A3-9474-1A3956D46DE8}") = "src", "src", "{9D8289E7-2A97-42DE-A6D3-7D14A021CC4F}"
EndProject
Project("{FAE04EC0-301F-11D3-BF4B-00C04F79EFBC}") = "SpazaHub.Domain", "src\SpazaHub.Domain\SpazaHub.Domain.csproj", "{E52DF3CD-2FE8-4198-BB98-D3F7ACA11676}"
EndProject
Project("{FAE04EC0-301F-11D3-BF4B-00C04F79EFBC}") = "SpazaHub.Application", "src\SpazaHub.Application\SpazaHub.Application.csproj", "{96188E1A-15CD-4BD5-8415-AE4FBB336BA0}"
EndProject
Project("{FAE04EC0-301F-11D3-BF4B-00C04F79EFBC}") = "SpazaHub.Infrastructure", "src\SpazaHub.Infrastructure\SpazaHub.Infrastructure.csproj", "{E6F9590B-3841-4E61-AAD9-E1FD82607589}"
EndProject
Project("{FAE04EC0-301F-11D3-BF4B-00C04F79EFBC}") = "SpazaHub.Api", "src\SpazaHub.Api\SpazaHub.Api.csproj", "{8E100D1F-91C3-4F25-A467-2FF21D37EABB}"
EndProject
Project("{FAE04EC0-301F-11D3-BF4B-00C04F79EFBC}") = "SpazaHub.Shared", "src\SpazaHub.Shared\SpazaHub.Shared.csproj", "{03E5A178-7045-4736-B4FA-425FBADD8DD9}"
EndProject
Project("{FAE04EC0-301F-11D3-BF4B-00C04F79EFBC}") = "SpazaHub.Client", "src\SpazaHub.Client\SpazaHub.Client.csproj", "{5AA4A7AE-9085-46B5-A86F-9B6984D32C5D}"
EndProject
Project("{2150E333-8FDC-42A3-9474-1A3956D46DE8}") = "tests", "tests", "{598840D9-3884-4624-BAC5-136456562D0D}"
EndProject
Project("{FAE04EC0-301F-11D3-BF4B-00C04F79EFBC}") = "SpazaHub.Domain.Tests", "tests\SpazaHub.Domain.Tests\SpazaHub.Domain.Tests.csproj", "{B1609E86-557E-4921-A260-B4C96037D44B}"
EndProject
Project("{FAE04EC0-301F-11D3-BF4B-00C04F79EFBC}") = "SpazaHub.Application.Tests", "tests\SpazaHub.Application.Tests\SpazaHub.Application.Tests.csproj", "{4BDD386F-1217-478D-BD87-3A10926E71A0}"
EndProject
Project("{FAE04EC0-301F-11D3-BF4B-00C04F79EFBC}") = "SpazaHub.Sync.Tests", "tests\SpazaHub.Sync.Tests\SpazaHub.Sync.Tests.csproj", "{7974F1AF-1370-41BC-B76F-BA3BF5EA2438}"
EndProject
Global
	GlobalSection(SolutionConfigurationPlatforms) = preSolution
		Debug|Any CPU = Debug|Any CPU
		Release|Any CPU = Release|Any CPU
	EndGlobalSection
	GlobalSection(SolutionProperties) = preSolution
		HideSolutionNode = FALSE
	EndGlobalSection
	GlobalSection(ProjectConfigurationPlatforms) = postSolution
		{E52DF3CD-2FE8-4198-BB98-D3F7ACA11676}.Debug|Any CPU.ActiveCfg = Debug|Any CPU
		{E52DF3CD-2FE8-4198-BB98-D3F7ACA11676}.Debug|Any CPU.Build.0 = Debug|Any CPU
		{E52DF3CD-2FE8-4198-BB98-D3F7ACA11676}.Release|Any CPU.ActiveCfg = Release|Any CPU
		{E52DF3CD-2FE8-4198-BB98-D3F7ACA11676}.Release|Any CPU.Build.0 = Release|Any CPU
		{96188E1A-15CD-4BD5-8415-AE4FBB336BA0}.Debug|Any CPU.ActiveCfg = Debug|Any CPU
		{96188E1A-15CD-4BD5-8415-AE4FBB336BA0}.Debug|Any CPU.Build.0 = Debug|Any CPU
		{96188E1A-15CD-4BD5-8415-AE4FBB336BA0}.Release|Any CPU.ActiveCfg = Release|Any CPU
		{96188E1A-15CD-4BD5-8415-AE4FBB336BA0}.Release|Any CPU.Build.0 = Release|Any CPU
		{E6F9590B-3841-4E61-AAD9-E1FD82607589}.Debug|Any CPU.ActiveCfg = Debug|Any CPU
		{E6F9590B-3841-4E61-AAD9-E1FD82607589}.Debug|Any CPU.Build.0 = Debug|Any CPU
		{E6F9590B-3841-4E61-AAD9-E1FD82607589}.Release|Any CPU.ActiveCfg = Release|Any CPU
		{E6F9590B-3841-4E61-AAD9-E1FD82607589}.Release|Any CPU.Build.0 = Release|Any CPU
		{8E100D1F-91C3-4F25-A467-2FF21D37EABB}.Debug|Any CPU.ActiveCfg = Debug|Any CPU
		{8E100D1F-91C3-4F25-A467-2FF21D37EABB}.Debug|Any CPU.Build.0 = Debug|Any CPU
		{8E100D1F-91C3-4F25-A467-2FF21D37EABB}.Release|Any CPU.ActiveCfg = Release|Any CPU
		{8E100D1F-91C3-4F25-A467-2FF21D37EABB}.Release|Any CPU.Build.0 = Release|Any CPU
		{03E5A178-7045-4736-B4FA-425FBADD8DD9}.Debug|Any CPU.ActiveCfg = Debug|Any CPU
		{03E5A178-7045-4736-B4FA-425FBADD8DD9}.Debug|Any CPU.Build.0 = Debug|Any CPU
		{03E5A178-7045-4736-B4FA-425FBADD8DD9}.Release|Any CPU.ActiveCfg = Release|Any CPU
		{03E5A178-7045-4736-B4FA-425FBADD8DD9}.Release|Any CPU.Build.0 = Release|Any CPU
		{5AA4A7AE-9085-46B5-A86F-9B6984D32C5D}.Debug|Any CPU.ActiveCfg = Debug|Any CPU
		{5AA4A7AE-9085-46B5-A86F-9B6984D32C5D}.Debug|Any CPU.Build.0 = Debug|Any CPU
		{5AA4A7AE-9085-46B5-A86F-9B6984D32C5D}.Release|Any CPU.ActiveCfg = Release|Any CPU
		{5AA4A7AE-9085-46B5-A86F-9B6984D32C5D}.Release|Any CPU.Build.0 = Release|Any CPU
		{B1609E86-557E-4921-A260-B4C96037D44B}.Debug|Any CPU.ActiveCfg = Debug|Any CPU
		{B1609E86-557E-4921-A260-B4C96037D44B}.Debug|Any CPU.Build.0 = Debug|Any CPU
		{B1609E86-557E-4921-A260-B4C96037D44B}.Release|Any CPU.ActiveCfg = Release|Any CPU
		{B1609E86-557E-4921-A260-B4C96037D44B}.Release|Any CPU.Build.0 = Release|Any CPU
		{4BDD386F-1217-478D-BD87-3A10926E71A0}.Debug|Any CPU.ActiveCfg = Debug|Any CPU
		{4BDD386F-1217-478D-BD87-3A10926E71A0}.Debug|Any CPU.Build.0 = Debug|Any CPU
		{4BDD386F-1217-478D-BD87-3A10926E71A0}.Release|Any CPU.ActiveCfg = Release|Any CPU
		{4BDD386F-1217-478D-BD87-3A10926E71A0}.Release|Any CPU.Build.0 = Release|Any CPU
		{7974F1AF-1370-41BC-B76F-BA3BF5EA2438}.Debug|Any CPU.ActiveCfg = Debug|Any CPU
		{7974F1AF-1370-41BC-B76F-BA3BF5EA2438}.Debug|Any CPU.Build.0 = Debug|Any CPU
		{7974F1AF-1370-41BC-B76F-BA3BF5EA2438}.Release|Any CPU.ActiveCfg = Release|Any CPU
		{7974F1AF-1370-41BC-B76F-BA3BF5EA2438}.Release|Any CPU.Build.0 = Release|Any CPU
	EndGlobalSection
	GlobalSection(NestedProjects) = preSolution
		{E52DF3CD-2FE8-4198-BB98-D3F7ACA11676} = {9D8289E7-2A97-42DE-A6D3-7D14A021CC4F}
		{96188E1A-15CD-4BD5-8415-AE4FBB336BA0} = {9D8289E7-2A97-42DE-A6D3-7D14A021CC4F}
		{E6F9590B-3841-4E61-AAD9-E1FD82607589} = {9D8289E7-2A97-42DE-A6D3-7D14A021CC4F}
		{8E100D1F-91C3-4F25-A467-2FF21D37EABB} = {9D8289E7-2A97-42DE-A6D3-7D14A021CC4F}
		{03E5A178-7045-4736-B4FA-425FBADD8DD9} = {9D8289E7-2A97-42DE-A6D3-7D14A021CC4F}
		{5AA4A7AE-9085-46B5-A86F-9B6984D32C5D} = {9D8289E7-2A97-42DE-A6D3-7D14A021CC4F}
		{B1609E86-557E-4921-A260-B4C96037D44B} = {598840D9-3884-4624-BAC5-136456562D0D}
		{4BDD386F-1217-478D-BD87-3A10926E71A0} = {598840D9-3884-4624-BAC5-136456562D0D}
		{7974F1AF-1370-41BC-B76F-BA3BF5EA2438} = {598840D9-3884-4624-BAC5-136456562D0D}
	EndGlobalSection
EndGlobal
